
Microsoft Visual Studio Solution File, Format Version 12.00
# Visual Studio 15
VisualStudioVersion = 15.0.28307.645
MinimumVisualStudioVersion = 10.0.40219.1
Project("{8BC9CEB8-8B4A-11D0-8D11-00A0C91BC942}") = "FinalProject", "FinalProject\FinalProject.vcxproj", "{AB701524-1C91-4A93-B9B7-ABB467A22ABA}"
EndProject
Global
	GlobalSection(SolutionConfigurationPlatforms) = preSolution
		Debug|x64 = Debug|x64
		Release|x64 = Release|x64
	EndGlobalSection
	GlobalSection(ProjectConfigurationPlatforms) = postSolution
		{AB701524-1C91-4A93-B9B7-ABB467A22ABA}.Debug|x64.ActiveCfg = Debug|x64
		{AB701524-1C91-4A93-B9B7-ABB467A22ABA}.Debug|x64.Build.0 = Debug|x64
		{AB701524-1C91-4A93-B9B7-ABB467A22ABA}.Release|x64.ActiveCfg = Release|x64
		{AB701524-1C91-4A93-B9B7-ABB467A22ABA}.Release|x64.Build.0 = Release|x64
	EndGlobalSection
	GlobalSection(SolutionProperties) = preSolution
		HideSolutionNode = FALSE
	EndGlobalSection
	GlobalSection(ExtensibilityGlobals) = postSolution
		SolutionGuid = {BF09056C-EB03-4C37-9BC9-F535D62C78B7}
	EndGlobalSection
EndGlobal
